
Microsoft Visual Studio Solution File, Format Version 12.00
# Visual Studio 14
VisualStudioVersion = 14.0.24720.0
MinimumVisualStudioVersion = 10.0.40219.1
Project("{8BC9CEB8-8B4A-11D0-8D11-00A0C91BC942}") = "Opgave 1", "Opgave 1\Opgave 1.vcxproj", "{4322A0FC-310B-45D4-9CF9-9045D8127099}"
EndProject
Project("{8BC9CEB8-8B4A-11D0-8D11-00A0C91BC942}") = "Opgave 2", "opgave 2\opgave 2.vcxproj", "{81351EEC-A0E4-425E-ADA8-33DF461BC26D}"
EndProject
Project("{8BC9CEB8-8B4A-11D0-8D11-00A0C91BC942}") = "Opgave 3", "opgave 3\opgave 3.vcxproj", "{C5B7AE77-30FA-4DE3-9AAB-486D75A7FBF1}"
EndProject
Project("{8BC9CEB8-8B4A-11D0-8D11-00A0C91BC942}") = "Opgave 4", "..\..\..\Week 1\4\4.vcxproj", "{FD84207C-B706-4A85-96B1-994E49B64D81}"
EndProject
Project("{8BC9CEB8-8B4A-11D0-8D11-00A0C91BC942}") = "Opgave 5", "..\..\..\Week 1\5\5.vcxproj", "{89651500-A93D-4033-A379-B2869A3C4C41}"
EndProject
Project("{8BC9CEB8-8B4A-11D0-8D11-00A0C91BC942}") = "Opgave 6", "..\..\..\Week 1\6\6.vcxproj", "{F2774B48-3367-47DF-89EE-30CA5279F71A}"
EndProject
Project("{8BC9CEB8-8B4A-11D0-8D11-00A0C91BC942}") = "Opgave 7", "..\..\..\Week 1\7\7.vcxproj", "{63871B24-978F-4902-8AD4-F7DEE3772AF1}"
EndProject
Project("{8BC9CEB8-8B4A-11D0-8D11-00A0C91BC942}") = "Opgave 8", "..\..\..\Week 1\8\8.vcxproj", "{28896D5F-58DE-4430-9364-8B9F433D21FF}"
EndProject
Project("{8BC9CEB8-8B4A-11D0-8D11-00A0C91BC942}") = "Opgave 9", "Opgave 9\Opgave 9.vcxproj", "{5ED35288-3889-4DCF-BCBB-3B89A2F03029}"
EndProject
Global
	GlobalSection(SolutionConfigurationPlatforms) = preSolution
		Debug|x64 = Debug|x64
		Debug|x86 = Debug|x86
		Release|x64 = Release|x64
		Release|x86 = Release|x86
	EndGlobalSection
	GlobalSection(ProjectConfigurationPlatforms) = postSolution
		{4322A0FC-310B-45D4-9CF9-9045D8127099}.Debug|x64.ActiveCfg = Debug|x64
		{4322A0FC-310B-45D4-9CF9-9045D8127099}.Debug|x64.Build.0 = Debug|x64
		{4322A0FC-310B-45D4-9CF9-9045D8127099}.Debug|x86.ActiveCfg = Debug|Win32
		{4322A0FC-310B-45D4-9CF9-9045D8127099}.Debug|x86.Build.0 = Debug|Win32
		{4322A0FC-310B-45D4-9CF9-9045D8127099}.Release|x64.ActiveCfg = Release|x64
		{4322A0FC-310B-45D4-9CF9-9045D8127099}.Release|x64.Build.0 = Release|x64
		{4322A0FC-310B-45D4-9CF9-9045D8127099}.Release|x86.ActiveCfg = Release|Win32
		{4322A0FC-310B-45D4-9CF9-9045D8127099}.Release|x86.Build.0 = Release|Win32
		{81351EEC-A0E4-425E-ADA8-33DF461BC26D}.Debug|x64.ActiveCfg = Debug|x64
		{81351EEC-A0E4-425E-ADA8-33DF461BC26D}.Debug|x64.Build.0 = Debug|x64
		{81351EEC-A0E4-425E-ADA8-33DF461BC26D}.Debug|x86.ActiveCfg = Debug|Win32
		{81351EEC-A0E4-425E-ADA8-33DF461BC26D}.Debug|x86.Build.0 = Debug|Win32
		{81351EEC-A0E4-425E-ADA8-33DF461BC26D}.Release|x64.ActiveCfg = Release|x64
		{81351EEC-A0E4-425E-ADA8-33DF461BC26D}.Release|x64.Build.0 = Release|x64
		{81351EEC-A0E4-425E-ADA8-33DF461BC26D}.Release|x86.ActiveCfg = Release|Win32
		{81351EEC-A0E4-425E-ADA8-33DF461BC26D}.Release|x86.Build.0 = Release|Win32
		{C5B7AE77-30FA-4DE3-9AAB-486D75A7FBF1}.Debug|x64.ActiveCfg = Debug|x64
		{C5B7AE77-30FA-4DE3-9AAB-486D75A7FBF1}.Debug|x64.Build.0 = Debug|x64
		{C5B7AE77-30FA-4DE3-9AAB-486D75A7FBF1}.Debug|x86.ActiveCfg = Debug|Win32
		{C5B7AE77-30FA-4DE3-9AAB-486D75A7FBF1}.Debug|x86.Build.0 = Debug|Win32
		{C5B7AE77-30FA-4DE3-9AAB-486D75A7FBF1}.Release|x64.ActiveCfg = Release|x64
		{C5B7AE77-30FA-4DE3-9AAB-486D75A7FBF1}.Release|x64.Build.0 = Release|x64
		{C5B7AE77-30FA-4DE3-9AAB-486D75A7FBF1}.Release|x86.ActiveCfg = Release|Win32
		{C5B7AE77-30FA-4DE3-9AAB-486D75A7FBF1}.Release|x86.Build.0 = Release|Win32
		{FD84207C-B706-4A85-96B1-994E49B64D81}.Debug|x64.ActiveCfg = Debug|x64
		{FD84207C-B706-4A85-96B1-994E49B64D81}.Debug|x64.Build.0 = Debug|x64
		{FD84207C-B706-4A85-96B1-994E49B64D81}.Debug|x86.ActiveCfg = Debug|Win32
		{FD84207C-B706-4A85-96B1-994E49B64D81}.Debug|x86.Build.0 = Debug|Win32
		{FD84207C-B706-4A85-96B1-994E49B64D81}.Release|x64.ActiveCfg = Release|x64
		{FD84207C-B706-4A85-96B1-994E49B64D81}.Release|x64.Build.0 = Release|x64
		{FD84207C-B706-4A85-96B1-994E49B64D81}.Release|x86.ActiveCfg = Release|Win32
		{FD84207C-B706-4A85-96B1-994E49B64D81}.Release|x86.Build.0 = Release|Win32
		{89651500-A93D-4033-A379-B2869A3C4C41}.Debug|x64.ActiveCfg = Debug|x64
		{89651500-A93D-4033-A379-B2869A3C4C41}.Debug|x64.Build.0 = Debug|x64
		{89651500-A93D-4033-A379-B2869A3C4C41}.Debug|x86.ActiveCfg = Debug|Win32
		{89651500-A93D-4033-A379-B2869A3C4C41}.Debug|x86.Build.0 = Debug|Win32
		{89651500-A93D-4033-A379-B2869A3C4C41}.Release|x64.ActiveCfg = Release|x64
		{89651500-A93D-4033-A379-B2869A3C4C41}.Release|x64.Build.0 = Release|x64
		{89651500-A93D-4033-A379-B2869A3C4C41}.Release|x86.ActiveCfg = Release|Win32
		{89651500-A93D-4033-A379-B2869A3C4C41}.Release|x86.Build.0 = Release|Win32
		{F2774B48-3367-47DF-89EE-30CA5279F71A}.Debug|x64.ActiveCfg = Debug|x64
		{F2774B48-3367-47DF-89EE-30CA5279F71A}.Debug|x64.Build.0 = Debug|x64
		{F2774B48-3367-47DF-89EE-30CA5279F71A}.Debug|x86.ActiveCfg = Debug|Win32
		{F2774B48-3367-47DF-89EE-30CA5279F71A}.Debug|x86.Build.0 = Debug|Win32
		{F2774B48-3367-47DF-89EE-30CA5279F71A}.Release|x64.ActiveCfg = Release|x64
		{F2774B48-3367-47DF-89EE-30CA5279F71A}.Release|x64.Build.0 = Release|x64
		{F2774B48-3367-47DF-89EE-30CA5279F71A}.Release|x86.ActiveCfg = Release|Win32
		{F2774B48-3367-47DF-89EE-30CA5279F71A}.Release|x86.Build.0 = Release|Win32
		{63871B24-978F-4902-8AD4-F7DEE3772AF1}.Debug|x64.ActiveCfg = Debug|x64
		{63871B24-978F-4902-8AD4-F7DEE3772AF1}.Debug|x64.Build.0 = Debug|x64
		{63871B24-978F-4902-8AD4-F7DEE3772AF1}.Debug|x86.ActiveCfg = Debug|Win32
		{63871B24-978F-4902-8AD4-F7DEE3772AF1}.Debug|x86.Build.0 = Debug|Win32
		{63871B24-978F-4902-8AD4-F7DEE3772AF1}.Release|x64.ActiveCfg = Release|x64
		{63871B24-978F-4902-8AD4-F7DEE3772AF1}.Release|x64.Build.0 = Release|x64
		{63871B24-978F-4902-8AD4-F7DEE3772AF1}.Release|x86.ActiveCfg = Release|Win32
		{63871B24-978F-4902-8AD4-F7DEE3772AF1}.Release|x86.Build.0 = Release|Win32
		{28896D5F-58DE-4430-9364-8B9F433D21FF}.Debug|x64.ActiveCfg = Debug|x64
		{28896D5F-58DE-4430-9364-8B9F433D21FF}.Debug|x64.Build.0 = Debug|x64
		{28896D5F-58DE-4430-9364-8B9F433D21FF}.Debug|x86.ActiveCfg = Debug|Win32
		{28896D5F-58DE-4430-9364-8B9F433D21FF}.Debug|x86.Build.0 = Debug|Win32
		{28896D5F-58DE-4430-9364-8B9F433D21FF}.Release|x64.ActiveCfg = Release|x64
		{28896D5F-58DE-4430-9364-8B9F433D21FF}.Release|x64.Build.0 = Release|x64
		{28896D5F-58DE-4430-9364-8B9F433D21FF}.Release|x86.ActiveCfg = Release|Win32
		{28896D5F-58DE-4430-9364-8B9F433D21FF}.Release|x86.Build.0 = Release|Win32
		{5ED35288-3889-4DCF-BCBB-3B89A2F03029}.Debug|x64.ActiveCfg = Debug|x64
		{5ED35288-3889-4DCF-BCBB-3B89A2F03029}.Debug|x64.Build.0 = Debug|x64
		{5ED35288-3889-4DCF-BCBB-3B89A2F03029}.Debug|x86.ActiveCfg = Debug|Win32
		{5ED35288-3889-4DCF-BCBB-3B89A2F03029}.Debug|x86.Build.0 = Debug|Win32
		{5ED35288-3889-4DCF-BCBB-3B89A2F03029}.Release|x64.ActiveCfg = Release|x64
		{5ED35288-3889-4DCF-BCBB-3B89A2F03029}.Release|x64.Build.0 = Release|x64
		{5ED35288-3889-4DCF-BCBB-3B89A2F03029}.Release|x86.ActiveCfg = Release|Win32
		{5ED35288-3889-4DCF-BCBB-3B89A2F03029}.Release|x86.Build.0 = Release|Win32
	EndGlobalSection
	GlobalSection(SolutionProperties) = preSolution
		HideSolutionNode = FALSE
	EndGlobalSection
EndGlobal
