
Microsoft Visual Studio Solution File, Format Version 12.00
# Visual Studio 14
VisualStudioVersion = 14.0.24720.0
MinimumVisualStudioVersion = 10.0.40219.1
Project("{8BC9CEB8-8B4A-11D0-8D11-00A0C91BC942}") = "5-3", "5-3\5-3.vcxproj", "{6F8EA186-9228-48A7-B668-D5A57704CC09}"
EndProject
Project("{2150E333-8FDC-42A3-9474-1A3956D46DE8}") = "1", "1", "{F7AC6075-5C74-4115-905B-C8B77D614FFB}"
EndProject
Project("{8BC9CEB8-8B4A-11D0-8D11-00A0C91BC942}") = "1", "1\1.vcxproj", "{17B83DB1-2376-4F55-BEE2-340A583F89E4}"
EndProject
Project("{8BC9CEB8-8B4A-11D0-8D11-00A0C91BC942}") = "2", "2\2.vcxproj", "{C55B5967-7400-4489-B7BC-373F4D4D38EF}"
EndProject
Project("{8BC9CEB8-8B4A-11D0-8D11-00A0C91BC942}") = "3", "3\3.vcxproj", "{A699C4E0-E054-4037-BD41-C1709EAE95B4}"
EndProject
Project("{2150E333-8FDC-42A3-9474-1A3956D46DE8}") = "5", "5", "{1C2709AE-ADB1-44B8-B4E2-0C0AF0725259}"
EndProject
Project("{8BC9CEB8-8B4A-11D0-8D11-00A0C91BC942}") = "4", "4\4.vcxproj", "{FD84207C-B706-4A85-96B1-994E49B64D81}"
EndProject
Project("{8BC9CEB8-8B4A-11D0-8D11-00A0C91BC942}") = "5", "5\5.vcxproj", "{89651500-A93D-4033-A379-B2869A3C4C41}"
EndProject
Project("{8BC9CEB8-8B4A-11D0-8D11-00A0C91BC942}") = "6", "6\6.vcxproj", "{F2774B48-3367-47DF-89EE-30CA5279F71A}"
EndProject
Project("{8BC9CEB8-8B4A-11D0-8D11-00A0C91BC942}") = "7", "7\7.vcxproj", "{63871B24-978F-4902-8AD4-F7DEE3772AF1}"
EndProject
Project("{8BC9CEB8-8B4A-11D0-8D11-00A0C91BC942}") = "8", "8\8.vcxproj", "{28896D5F-58DE-4430-9364-8B9F433D21FF}"
EndProject
Global
	GlobalSection(SolutionConfigurationPlatforms) = preSolution
		Debug|x64 = Debug|x64
		Debug|x86 = Debug|x86
		Release|x64 = Release|x64
		Release|x86 = Release|x86
	EndGlobalSection
	GlobalSection(ProjectConfigurationPlatforms) = postSolution
		{6F8EA186-9228-48A7-B668-D5A57704CC09}.Debug|x64.ActiveCfg = Debug|x64
		{6F8EA186-9228-48A7-B668-D5A57704CC09}.Debug|x64.Build.0 = Debug|x64
		{6F8EA186-9228-48A7-B668-D5A57704CC09}.Debug|x86.ActiveCfg = Debug|Win32
		{6F8EA186-9228-48A7-B668-D5A57704CC09}.Debug|x86.Build.0 = Debug|Win32
		{6F8EA186-9228-48A7-B668-D5A57704CC09}.Release|x64.ActiveCfg = Release|x64
		{6F8EA186-9228-48A7-B668-D5A57704CC09}.Release|x64.Build.0 = Release|x64
		{6F8EA186-9228-48A7-B668-D5A57704CC09}.Release|x86.ActiveCfg = Release|Win32
		{6F8EA186-9228-48A7-B668-D5A57704CC09}.Release|x86.Build.0 = Release|Win32
		{17B83DB1-2376-4F55-BEE2-340A583F89E4}.Debug|x64.ActiveCfg = Debug|x64
		{17B83DB1-2376-4F55-BEE2-340A583F89E4}.Debug|x64.Build.0 = Debug|x64
		{17B83DB1-2376-4F55-BEE2-340A583F89E4}.Debug|x86.ActiveCfg = Debug|Win32
		{17B83DB1-2376-4F55-BEE2-340A583F89E4}.Debug|x86.Build.0 = Debug|Win32
		{17B83DB1-2376-4F55-BEE2-340A583F89E4}.Release|x64.ActiveCfg = Release|x64
		{17B83DB1-2376-4F55-BEE2-340A583F89E4}.Release|x64.Build.0 = Release|x64
		{17B83DB1-2376-4F55-BEE2-340A583F89E4}.Release|x86.ActiveCfg = Release|Win32
		{17B83DB1-2376-4F55-BEE2-340A583F89E4}.Release|x86.Build.0 = Release|Win32
		{C55B5967-7400-4489-B7BC-373F4D4D38EF}.Debug|x64.ActiveCfg = Debug|x64
		{C55B5967-7400-4489-B7BC-373F4D4D38EF}.Debug|x64.Build.0 = Debug|x64
		{C55B5967-7400-4489-B7BC-373F4D4D38EF}.Debug|x86.ActiveCfg = Debug|Win32
		{C55B5967-7400-4489-B7BC-373F4D4D38EF}.Debug|x86.Build.0 = Debug|Win32
		{C55B5967-7400-4489-B7BC-373F4D4D38EF}.Release|x64.ActiveCfg = Release|x64
		{C55B5967-7400-4489-B7BC-373F4D4D38EF}.Release|x64.Build.0 = Release|x64
		{C55B5967-7400-4489-B7BC-373F4D4D38EF}.Release|x86.ActiveCfg = Release|Win32
		{C55B5967-7400-4489-B7BC-373F4D4D38EF}.Release|x86.Build.0 = Release|Win32
		{A699C4E0-E054-4037-BD41-C1709EAE95B4}.Debug|x64.ActiveCfg = Debug|x64
		{A699C4E0-E054-4037-BD41-C1709EAE95B4}.Debug|x64.Build.0 = Debug|x64
		{A699C4E0-E054-4037-BD41-C1709EAE95B4}.Debug|x86.ActiveCfg = Debug|Win32
		{A699C4E0-E054-4037-BD41-C1709EAE95B4}.Debug|x86.Build.0 = Debug|Win32
		{A699C4E0-E054-4037-BD41-C1709EAE95B4}.Release|x64.ActiveCfg = Release|x64
		{A699C4E0-E054-4037-BD41-C1709EAE95B4}.Release|x64.Build.0 = Release|x64
		{A699C4E0-E054-4037-BD41-C1709EAE95B4}.Release|x86.ActiveCfg = Release|Win32
		{A699C4E0-E054-4037-BD41-C1709EAE95B4}.Release|x86.Build.0 = Release|Win32
		{FD84207C-B706-4A85-96B1-994E49B64D81}.Debug|x64.ActiveCfg = Debug|x64
		{FD84207C-B706-4A85-96B1-994E49B64D81}.Debug|x64.Build.0 = Debug|x64
		{FD84207C-B706-4A85-96B1-994E49B64D81}.Debug|x86.ActiveCfg = Debug|Win32
		{FD84207C-B706-4A85-96B1-994E49B64D81}.Debug|x86.Build.0 = Debug|Win32
		{FD84207C-B706-4A85-96B1-994E49B64D81}.Release|x64.ActiveCfg = Release|x64
		{FD84207C-B706-4A85-96B1-994E49B64D81}.Release|x64.Build.0 = Release|x64
		{FD84207C-B706-4A85-96B1-994E49B64D81}.Release|x86.ActiveCfg = Release|Win32
		{FD84207C-B706-4A85-96B1-994E49B64D81}.Release|x86.Build.0 = Release|Win32
		{89651500-A93D-4033-A379-B2869A3C4C41}.Debug|x64.ActiveCfg = Debug|x64
		{89651500-A93D-4033-A379-B2869A3C4C41}.Debug|x64.Build.0 = Debug|x64
		{89651500-A93D-4033-A379-B2869A3C4C41}.Debug|x86.ActiveCfg = Debug|Win32
		{89651500-A93D-4033-A379-B2869A3C4C41}.Debug|x86.Build.0 = Debug|Win32
		{89651500-A93D-4033-A379-B2869A3C4C41}.Release|x64.ActiveCfg = Release|x64
		{89651500-A93D-4033-A379-B2869A3C4C41}.Release|x64.Build.0 = Release|x64
		{89651500-A93D-4033-A379-B2869A3C4C41}.Release|x86.ActiveCfg = Release|Win32
		{89651500-A93D-4033-A379-B2869A3C4C41}.Release|x86.Build.0 = Release|Win32
		{F2774B48-3367-47DF-89EE-30CA5279F71A}.Debug|x64.ActiveCfg = Debug|x64
		{F2774B48-3367-47DF-89EE-30CA5279F71A}.Debug|x64.Build.0 = Debug|x64
		{F2774B48-3367-47DF-89EE-30CA5279F71A}.Debug|x86.ActiveCfg = Debug|Win32
		{F2774B48-3367-47DF-89EE-30CA5279F71A}.Debug|x86.Build.0 = Debug|Win32
		{F2774B48-3367-47DF-89EE-30CA5279F71A}.Release|x64.ActiveCfg = Release|x64
		{F2774B48-3367-47DF-89EE-30CA5279F71A}.Release|x64.Build.0 = Release|x64
		{F2774B48-3367-47DF-89EE-30CA5279F71A}.Release|x86.ActiveCfg = Release|Win32
		{F2774B48-3367-47DF-89EE-30CA5279F71A}.Release|x86.Build.0 = Release|Win32
		{63871B24-978F-4902-8AD4-F7DEE3772AF1}.Debug|x64.ActiveCfg = Debug|x64
		{63871B24-978F-4902-8AD4-F7DEE3772AF1}.Debug|x64.Build.0 = Debug|x64
		{63871B24-978F-4902-8AD4-F7DEE3772AF1}.Debug|x86.ActiveCfg = Debug|Win32
		{63871B24-978F-4902-8AD4-F7DEE3772AF1}.Debug|x86.Build.0 = Debug|Win32
		{63871B24-978F-4902-8AD4-F7DEE3772AF1}.Release|x64.ActiveCfg = Release|x64
		{63871B24-978F-4902-8AD4-F7DEE3772AF1}.Release|x64.Build.0 = Release|x64
		{63871B24-978F-4902-8AD4-F7DEE3772AF1}.Release|x86.ActiveCfg = Release|Win32
		{63871B24-978F-4902-8AD4-F7DEE3772AF1}.Release|x86.Build.0 = Release|Win32
		{28896D5F-58DE-4430-9364-8B9F433D21FF}.Debug|x64.ActiveCfg = Debug|x64
		{28896D5F-58DE-4430-9364-8B9F433D21FF}.Debug|x64.Build.0 = Debug|x64
		{28896D5F-58DE-4430-9364-8B9F433D21FF}.Debug|x86.ActiveCfg = Debug|Win32
		{28896D5F-58DE-4430-9364-8B9F433D21FF}.Debug|x86.Build.0 = Debug|Win32
		{28896D5F-58DE-4430-9364-8B9F433D21FF}.Release|x64.ActiveCfg = Release|x64
		{28896D5F-58DE-4430-9364-8B9F433D21FF}.Release|x64.Build.0 = Release|x64
		{28896D5F-58DE-4430-9364-8B9F433D21FF}.Release|x86.ActiveCfg = Release|Win32
		{28896D5F-58DE-4430-9364-8B9F433D21FF}.Release|x86.Build.0 = Release|Win32
	EndGlobalSection
	GlobalSection(SolutionProperties) = preSolution
		HideSolutionNode = FALSE
	EndGlobalSection
	GlobalSection(NestedProjects) = preSolution
		{6F8EA186-9228-48A7-B668-D5A57704CC09} = {1C2709AE-ADB1-44B8-B4E2-0C0AF0725259}
		{17B83DB1-2376-4F55-BEE2-340A583F89E4} = {F7AC6075-5C74-4115-905B-C8B77D614FFB}
		{C55B5967-7400-4489-B7BC-373F4D4D38EF} = {F7AC6075-5C74-4115-905B-C8B77D614FFB}
		{A699C4E0-E054-4037-BD41-C1709EAE95B4} = {F7AC6075-5C74-4115-905B-C8B77D614FFB}
		{FD84207C-B706-4A85-96B1-994E49B64D81} = {F7AC6075-5C74-4115-905B-C8B77D614FFB}
		{89651500-A93D-4033-A379-B2869A3C4C41} = {F7AC6075-5C74-4115-905B-C8B77D614FFB}
		{F2774B48-3367-47DF-89EE-30CA5279F71A} = {F7AC6075-5C74-4115-905B-C8B77D614FFB}
		{63871B24-978F-4902-8AD4-F7DEE3772AF1} = {F7AC6075-5C74-4115-905B-C8B77D614FFB}
		{28896D5F-58DE-4430-9364-8B9F433D21FF} = {F7AC6075-5C74-4115-905B-C8B77D614FFB}
	EndGlobalSection
EndGlobal
